
Microsoft Visual Studio Solution File, Format Version 12.00
# Visual Studio Version 16
VisualStudioVersion = 16.0.29201.188
MinimumVisualStudioVersion = 10.0.40219.1
Project("{8BC9CEB8-8B4A-11D0-8D11-00A0C91BC942}") = "Snake", "Snake\Snake.vcxproj", "{EBFB392A-85E1-48D1-8255-319B256E5DC7}"
EndProject
Global
	GlobalSection(SolutionConfigurationPlatforms) = preSolution
		Debug|x64 = Debug|x64
		Debug|x86 = Debug|x86
		Release|x64 = Release|x64
		Release|x86 = Release|x86
	EndGlobalSection
	GlobalSection(ProjectConfigurationPlatforms) = postSolution
		{EBFB392A-85E1-48D1-8255-319B256E5DC7}.Debug|x64.ActiveCfg = Debug|x64
		{EBFB392A-85E1-48D1-8255-319B256E5DC7}.Debug|x64.Build.0 = Debug|x64
		{EBFB392A-85E1-48D1-8255-319B256E5DC7}.Debug|x86.ActiveCfg = Debug|Win32
		{EBFB392A-85E1-48D1-8255-319B256E5DC7}.Debug|x86.Build.0 = Debug|Win32
		{EBFB392A-85E1-48D1-8255-319B256E5DC7}.Release|x64.ActiveCfg = Release|x64
		{EBFB392A-85E1-48D1-8255-319B256E5DC7}.Release|x64.Build.0 = Release|x64
		{EBFB392A-85E1-48D1-8255-319B256E5DC7}.Release|x86.ActiveCfg = Release|Win32
		{EBFB392A-85E1-48D1-8255-319B256E5DC7}.Release|x86.Build.0 = Release|Win32
	EndGlobalSection
	GlobalSection(SolutionProperties) = preSolution
		HideSolutionNode = FALSE
	EndGlobalSection
	GlobalSection(ExtensibilityGlobals) = postSolution
		SolutionGuid = {39ADB850-8B77-4910-8429-200C2E60357F}
	EndGlobalSection
EndGlobal
